// !$*UTF8*$!
{
	archiveVersion = 1;
	classes = {
	};
	objectVersion = 56;
	objects = {

/* Begin PBXBuildFile section */
		9689AECB29404F6F006B858B /* __1_SwiftUiApp.swift in Sources */ = {isa = PBXBuildFile; fileRef = 9689AECA29404F6F006B858B /* __1_SwiftUiApp.swift */; };
		9689AECF29404F71006B858B /* Assets.xcassets in Resources */ = {isa = PBXBuildFile; fileRef = 9689AECE29404F71006B858B /* Assets.xcassets */; };
		9689AED229404F71006B858B /* Preview Assets.xcassets in Resources */ = {isa = PBXBuildFile; fileRef = 9689AED129404F71006B858B /* Preview Assets.xcassets */; };
		9689AEDC29404F72006B858B /* __1_SwiftUiTests.swift in Sources */ = {isa = PBXBuildFile; fileRef = 9689AEDB29404F72006B858B /* __1_SwiftUiTests.swift */; };
		9689AEE629404F72006B858B /* __1_SwiftUiUITests.swift in Sources */ = {isa = PBXBuildFile; fileRef = 9689AEE529404F72006B858B /* __1_SwiftUiUITests.swift */; };
		9689AEE829404F72006B858B /* __1_SwiftUiUITestsLaunchTests.swift in Sources */ = {isa = PBXBuildFile; fileRef = 9689AEE729404F72006B858B /* __1_SwiftUiUITestsLaunchTests.swift */; };
		96D009F229408958005DD2C7 /* Cell.swift in Sources */ = {isa = PBXBuildFile; fileRef = 96D009F129408957005DD2C7 /* Cell.swift */; };
		96D009F6294089D3005DD2C7 /* Model.swift in Sources */ = {isa = PBXBuildFile; fileRef = 96D009F5294089D3005DD2C7 /* Model.swift */; };
		96D009F8294089E1005DD2C7 /* User.swift in Sources */ = {isa = PBXBuildFile; fileRef = 96D009F7294089E1005DD2C7 /* User.swift */; };
		96D009FA29408A2C005DD2C7 /* homeViewModel.swift in Sources */ = {isa = PBXBuildFile; fileRef = 96D009F929408A2C005DD2C7 /* homeViewModel.swift */; };
		96D009FC29408A52005DD2C7 /* HomePage.swift in Sources */ = {isa = PBXBuildFile; fileRef = 96D009FB29408A52005DD2C7 /* HomePage.swift */; };
		96D009FF29408B3F005DD2C7 /* SDWebImageSwiftUI in Frameworks */ = {isa = PBXBuildFile; productRef = 96D009FE29408B3F005DD2C7 /* SDWebImageSwiftUI */; };
/* End PBXBuildFile section */

/* Begin PBXContainerItemProxy section */
		9689AED829404F72006B858B /* PBXContainerItemProxy */ = {
			isa = PBXContainerItemProxy;
			containerPortal = 9689AEBF29404F6E006B858B /* Project object */;
			proxyType = 1;
			remoteGlobalIDString = 9689AEC629404F6F006B858B;
			remoteInfo = "8.1 SwiftUi";
		};
		9689AEE229404F72006B858B /* PBXContainerItemProxy */ = {
			isa = PBXContainerItemProxy;
			containerPortal = 9689AEBF29404F6E006B858B /* Project object */;
			proxyType = 1;
			remoteGlobalIDString = 9689AEC629404F6F006B858B;
			remoteInfo = "8.1 SwiftUi";
		};
/* End PBXContainerItemProxy section */

/* Begin PBXFileReference section */
		9689AEC729404F6F006B858B /* 8.1 SwiftUi.app */ = {isa = PBXFileReference; explicitFileType = wrapper.application; includeInIndex = 0; path = "8.1 SwiftUi.app"; sourceTree = BUILT_PRODUCTS_DIR; };
		9689AECA29404F6F006B858B /* __1_SwiftUiApp.swift */ = {isa = PBXFileReference; lastKnownFileType = sourcecode.swift; path = __1_SwiftUiApp.swift; sourceTree = "<group>"; };
		9689AECE29404F71006B858B /* Assets.xcassets */ = {isa = PBXFileReference; lastKnownFileType = folder.assetcatalog; path = Assets.xcassets; sourceTree = "<group>"; };
		9689AED129404F71006B858B /* Preview Assets.xcassets */ = {isa = PBXFileReference; lastKnownFileType = folder.assetcatalog; path = "Preview Assets.xcassets"; sourceTree = "<group>"; };
		9689AED729404F72006B858B /* 8.1 SwiftUiTests.xctest */ = {isa = PBXFileReference; explicitFileType = wrapper.cfbundle; includeInIndex = 0; path = "8.1 SwiftUiTests.xctest"; sourceTree = BUILT_PRODUCTS_DIR; };
		9689AEDB29404F72006B858B /* __1_SwiftUiTests.swift */ = {isa = PBXFileReference; lastKnownFileType = sourcecode.swift; path = __1_SwiftUiTests.swift; sourceTree = "<group>"; };
		9689AEE129404F72006B858B /* 8.1 SwiftUiUITests.xctest */ = {isa = PBXFileReference; explicitFileType = wrapper.cfbundle; includeInIndex = 0; path = "8.1 SwiftUiUITests.xctest"; sourceTree = BUILT_PRODUCTS_DIR; };
		9689AEE529404F72006B858B /* __1_SwiftUiUITests.swift */ = {isa = PBXFileReference; lastKnownFileType = sourcecode.swift; path = __1_SwiftUiUITests.swift; sourceTree = "<group>"; };
		9689AEE729404F72006B858B /* __1_SwiftUiUITestsLaunchTests.swift */ = {isa = PBXFileReference; lastKnownFileType = sourcecode.swift; path = __1_SwiftUiUITestsLaunchTests.swift; sourceTree = "<group>"; };
		96D009F129408957005DD2C7 /* Cell.swift */ = {isa = PBXFileReference; lastKnownFileType = sourcecode.swift; path = Cell.swift; sourceTree = "<group>"; };
		96D009F5294089D3005DD2C7 /* Model.swift */ = {isa = PBXFileReference; lastKnownFileType = sourcecode.swift; path = Model.swift; sourceTree = "<group>"; };
		96D009F7294089E1005DD2C7 /* User.swift */ = {isa = PBXFileReference; lastKnownFileType = sourcecode.swift; path = User.swift; sourceTree = "<group>"; };
		96D009F929408A2C005DD2C7 /* homeViewModel.swift */ = {isa = PBXFileReference; lastKnownFileType = sourcecode.swift; path = homeViewModel.swift; sourceTree = "<group>"; };
		96D009FB29408A52005DD2C7 /* HomePage.swift */ = {isa = PBXFileReference; lastKnownFileType = sourcecode.swift; path = HomePage.swift; sourceTree = "<group>"; };
/* End PBXFileReference section */

/* Begin PBXFrameworksBuildPhase section */
		9689AEC429404F6F006B858B /* Frameworks */ = {
			isa = PBXFrameworksBuildPhase;
			buildActionMask = 2147483647;
			files = (
				96D009FF29408B3F005DD2C7 /* SDWebImageSwiftUI in Frameworks */,
			);
			runOnlyForDeploymentPostprocessing = 0;
		};
		9689AED429404F72006B858B /* Frameworks */ = {
			isa = PBXFrameworksBuildPhase;
			buildActionMask = 2147483647;
			files = (
			);
			runOnlyForDeploymentPostprocessing = 0;
		};
		9689AEDE29404F72006B858B /* Frameworks */ = {
			isa = PBXFrameworksBuildPhase;
			buildActionMask = 2147483647;
			files = (
			);
			runOnlyForDeploymentPostprocessing = 0;
		};
/* End PBXFrameworksBuildPhase section */

/* Begin PBXGroup section */
		9689AEBE29404F6E006B858B = {
			isa = PBXGroup;
			children = (
				9689AEC929404F6F006B858B /* 8.1 SwiftUi */,
				9689AEDA29404F72006B858B /* 8.1 SwiftUiTests */,
				9689AEE429404F72006B858B /* 8.1 SwiftUiUITests */,
				9689AEC829404F6F006B858B /* Products */,
			);
			sourceTree = "<group>";
		};
		9689AEC829404F6F006B858B /* Products */ = {
			isa = PBXGroup;
			children = (
				9689AEC729404F6F006B858B /* 8.1 SwiftUi.app */,
				9689AED729404F72006B858B /* 8.1 SwiftUiTests.xctest */,
				9689AEE129404F72006B858B /* 8.1 SwiftUiUITests.xctest */,
			);
			name = Products;
			sourceTree = "<group>";
		};
		9689AEC929404F6F006B858B /* 8.1 SwiftUi */ = {
			isa = PBXGroup;
			children = (
				9689AECA29404F6F006B858B /* __1_SwiftUiApp.swift */,
				9689AECE29404F71006B858B /* Assets.xcassets */,
				9689AED029404F71006B858B /* Preview Content */,
				96D009F129408957005DD2C7 /* Cell.swift */,
				96D009F5294089D3005DD2C7 /* Model.swift */,
				96D009F7294089E1005DD2C7 /* User.swift */,
				96D009F929408A2C005DD2C7 /* homeViewModel.swift */,
				96D009FB29408A52005DD2C7 /* HomePage.swift */,
			);
			path = "8.1 SwiftUi";
			sourceTree = "<group>";
		};
		9689AED029404F71006B858B /* Preview Content */ = {
			isa = PBXGroup;
			children = (
				9689AED129404F71006B858B /* Preview Assets.xcassets */,
			);
			path = "Preview Content";
			sourceTree = "<group>";
		};
		9689AEDA29404F72006B858B /* 8.1 SwiftUiTests */ = {
			isa = PBXGroup;
			children = (
				9689AEDB29404F72006B858B /* __1_SwiftUiTests.swift */,
			);
			path = "8.1 SwiftUiTests";
			sourceTree = "<group>";
		};
		9689AEE429404F72006B858B /* 8.1 SwiftUiUITests */ = {
			isa = PBXGroup;
			children = (
				9689AEE529404F72006B858B /* __1_SwiftUiUITests.swift */,
				9689AEE729404F72006B858B /* __1_SwiftUiUITestsLaunchTests.swift */,
			);
			path = "8.1 SwiftUiUITests";
			sourceTree = "<group>";
		};
/* End PBXGroup section */

/* Begin PBXNativeTarget section */
		9689AEC629404F6F006B858B /* 8.1 SwiftUi */ = {
			isa = PBXNativeTarget;
			buildConfigurationList = 9689AEEB29404F72006B858B /* Build configuration list for PBXNativeTarget "8.1 SwiftUi" */;
			buildPhases = (
				9689AEC329404F6F006B858B /* Sources */,
				9689AEC429404F6F006B858B /* Frameworks */,
				9689AEC529404F6F006B858B /* Resources */,
			);
			buildRules = (
			);
			dependencies = (
			);
			name = "8.1 SwiftUi";
			packageProductDependencies = (
				96D009FE29408B3F005DD2C7 /* SDWebImageSwiftUI */,
			);
			productName = "8.1 SwiftUi";
			productReference = 9689AEC729404F6F006B858B /* 8.1 SwiftUi.app */;
			productType = "com.apple.product-type.application";
		};
		9689AED629404F72006B858B /* 8.1 SwiftUiTests */ = {
			isa = PBXNativeTarget;
			buildConfigurationList = 9689AEEE29404F72006B858B /* Build configuration list for PBXNativeTarget "8.1 SwiftUiTests" */;
			buildPhases = (
				9689AED329404F72006B858B /* Sources */,
				9689AED429404F72006B858B /* Frameworks */,
				9689AED529404F72006B858B /* Resources */,
			);
			buildRules = (
			);
			dependencies = (
				9689AED929404F72006B858B /* PBXTargetDependency */,
			);
			name = "8.1 SwiftUiTests";
			productName = "8.1 SwiftUiTests";
			productReference = 9689AED729404F72006B858B /* 8.1 SwiftUiTests.xctest */;
			productType = "com.apple.product-type.bundle.unit-test";
		};
		9689AEE029404F72006B858B /* 8.1 SwiftUiUITests */ = {
			isa = PBXNativeTarget;
			buildConfigurationList = 9689AEF129404F72006B858B /* Build configuration list for PBXNativeTarget "8.1 SwiftUiUITests" */;
			buildPhases = (
				9689AEDD29404F72006B858B /* Sources */,
				9689AEDE29404F72006B858B /* Frameworks */,
				9689AEDF29404F72006B858B /* Resources */,
			);
			buildRules = (
			);
			dependencies = (
				9689AEE329404F72006B858B /* PBXTargetDependency */,
			);
			name = "8.1 SwiftUiUITests";
			productName = "8.1 SwiftUiUITests";
			productReference = 9689AEE129404F72006B858B /* 8.1 SwiftUiUITests.xctest */;
			productType = "com.apple.product-type.bundle.ui-testing";
		};
/* End PBXNativeTarget section */

/* Begin PBXProject section */
		9689AEBF29404F6E006B858B /* Project object */ = {
			isa = PBXProject;
			attributes = {
				BuildIndependentTargetsInParallel = 1;
				LastSwiftUpdateCheck = 1410;
				LastUpgradeCheck = 1410;
				TargetAttributes = {
					9689AEC629404F6F006B858B = {
						CreatedOnToolsVersion = 14.1;
					};
					9689AED629404F72006B858B = {
						CreatedOnToolsVersion = 14.1;
						TestTargetID = 9689AEC629404F6F006B858B;
					};
					9689AEE029404F72006B858B = {
						CreatedOnToolsVersion = 14.1;
						TestTargetID = 9689AEC629404F6F006B858B;
					};
				};
			};
			buildConfigurationList = 9689AEC229404F6E006B858B /* Build configuration list for PBXProject "8.1 SwiftUi" */;
			compatibilityVersion = "Xcode 14.0";
			developmentRegion = en;
			hasScannedForEncodings = 0;
			knownRegions = (
				en,
				Base,
			);
			mainGroup = 9689AEBE29404F6E006B858B;
			packageReferences = (
				96D009FD29408B3F005DD2C7 /* XCRemoteSwiftPackageReference "SDWebImageSwiftUI" */,
			);
			productRefGroup = 9689AEC829404F6F006B858B /* Products */;
			projectDirPath = "";
			projectRoot = "";
			targets = (
				9689AEC629404F6F006B858B /* 8.1 SwiftUi */,
				9689AED629404F72006B858B /* 8.1 SwiftUiTests */,
				9689AEE029404F72006B858B /* 8.1 SwiftUiUITests */,
			);
		};
/* End PBXProject section */

/* Begin PBXResourcesBuildPhase section */
		9689AEC529404F6F006B858B /* Resources */ = {
			isa = PBXResourcesBuildPhase;
			buildActionMask = 2147483647;
			files = (
				9689AED229404F71006B858B /* Preview Assets.xcassets in Resources */,
				9689AECF29404F71006B858B /* Assets.xcassets in Resources */,
			);
			runOnlyForDeploymentPostprocessing = 0;
		};
		9689AED529404F72006B858B /* Resources */ = {
			isa = PBXResourcesBuildPhase;
			buildActionMask = 2147483647;
			files = (
			);
			runOnlyForDeploymentPostprocessing = 0;
		};
		9689AEDF29404F72006B858B /* Resources */ = {
			isa = PBXResourcesBuildPhase;
			buildActionMask = 2147483647;
			files = (
			);
			runOnlyForDeploymentPostprocessing = 0;
		};
/* End PBXResourcesBuildPhase section */

/* Begin PBXSourcesBuildPhase section */
		9689AEC329404F6F006B858B /* Sources */ = {
			isa = PBXSourcesBuildPhase;
			buildActionMask = 2147483647;
			files = (
				9689AECB29404F6F006B858B /* __1_SwiftUiApp.swift in Sources */,
				96D009F229408958005DD2C7 /* Cell.swift in Sources */,
				96D009F6294089D3005DD2C7 /* Model.swift in Sources */,
				96D009F8294089E1005DD2C7 /* User.swift in Sources */,
				96D009FC29408A52005DD2C7 /* HomePage.swift in Sources */,
				96D009FA29408A2C005DD2C7 /* homeViewModel.swift in Sources */,
			);
			runOnlyForDeploymentPostprocessing = 0;
		};
		9689AED329404F72006B858B /* Sources */ = {
			isa = PBXSourcesBuildPhase;
			buildActionMask = 2147483647;
			files = (
				9689AEDC29404F72006B858B /* __1_SwiftUiTests.swift in Sources */,
			);
			runOnlyForDeploymentPostprocessing = 0;
		};
		9689AEDD29404F72006B858B /* Sources */ = {
			isa = PBXSourcesBuildPhase;
			buildActionMask = 2147483647;
			files = (
				9689AEE829404F72006B858B /* __1_SwiftUiUITestsLaunchTests.swift in Sources */,
				9689AEE629404F72006B858B /* __1_SwiftUiUITests.swift in Sources */,
			);
			runOnlyForDeploymentPostprocessing = 0;
		};
/* End PBXSourcesBuildPhase section */

/* Begin PBXTargetDependency section */
		9689AED929404F72006B858B /* PBXTargetDependency */ = {
			isa = PBXTargetDependency;
			target = 9689AEC629404F6F006B858B /* 8.1 SwiftUi */;
			targetProxy = 9689AED829404F72006B858B /* PBXContainerItemProxy */;
		};
		9689AEE329404F72006B858B /* PBXTargetDependency */ = {
			isa = PBXTargetDependency;
			target = 9689AEC629404F6F006B858B /* 8.1 SwiftUi */;
			targetProxy = 9689AEE229404F72006B858B /* PBXContainerItemProxy */;
		};
/* End PBXTargetDependency section */

/* Begin XCBuildConfiguration section */
		9689AEE929404F72006B858B /* Debug */ = {
			isa = XCBuildConfiguration;
			buildSettings = {
				ALWAYS_SEARCH_USER_PATHS = NO;
				CLANG_ANALYZER_NONNULL = YES;
				CLANG_ANALYZER_NUMBER_OBJECT_CONVERSION = YES_AGGRESSIVE;
				CLANG_CXX_LANGUAGE_STANDARD = "gnu++20";
				CLANG_ENABLE_MODULES = YES;
				CLANG_ENABLE_OBJC_ARC = YES;
				CLANG_ENABLE_OBJC_WEAK = YES;
				CLANG_WARN_BLOCK_CAPTURE_AUTORELEASING = YES;
				CLANG_WARN_BOOL_CONVERSION = YES;
				CLANG_WARN_COMMA = YES;
				CLANG_WARN_CONSTANT_CONVERSION = YES;
				CLANG_WARN_DEPRECATED_OBJC_IMPLEMENTATIONS = YES;
				CLANG_WARN_DIRECT_OBJC_ISA_USAGE = YES_ERROR;
				CLANG_WARN_DOCUMENTATION_COMMENTS = YES;
				CLANG_WARN_EMPTY_BODY = YES;
				CLANG_WARN_ENUM_CONVERSION = YES;
				CLANG_WARN_INFINITE_RECURSION = YES;
				CLANG_WARN_INT_CONVERSION = YES;
				CLANG_WARN_NON_LITERAL_NULL_CONVERSION = YES;
				CLANG_WARN_OBJC_IMPLICIT_RETAIN_SELF = YES;
				CLANG_WARN_OBJC_LITERAL_CONVERSION = YES;
				CLANG_WARN_OBJC_ROOT_CLASS = YES_ERROR;
				CLANG_WARN_QUOTED_INCLUDE_IN_FRAMEWORK_HEADER = YES;
				CLANG_WARN_RANGE_LOOP_ANALYSIS = YES;
				CLANG_WARN_STRICT_PROTOTYPES = YES;
				CLANG_WARN_SUSPICIOUS_MOVE = YES;
				CLANG_WARN_UNGUARDED_AVAILABILITY = YES_AGGRESSIVE;
				CLANG_WARN_UNREACHABLE_CODE = YES;
				CLANG_WARN__DUPLICATE_METHOD_MATCH = YES;
				COPY_PHASE_STRIP = NO;
				DEBUG_INFORMATION_FORMAT = dwarf;
				ENABLE_STRICT_OBJC_MSGSEND = YES;
				ENABLE_TESTABILITY = YES;
				GCC_C_LANGUAGE_STANDARD = gnu11;
				GCC_DYNAMIC_NO_PIC = NO;
				GCC_NO_COMMON_BLOCKS = YES;
				GCC_OPTIMIZATION_LEVEL = 0;
				GCC_PREPROCESSOR_DEFINITIONS = (
					"DEBUG=1",
					"$(inherited)",
				);
				GCC_WARN_64_TO_32_BIT_CONVERSION = YES;
				GCC_WARN_ABOUT_RETURN_TYPE = YES_ERROR;
				GCC_WARN_UNDECLARED_SELECTOR = YES;
				GCC_WARN_UNINITIALIZED_AUTOS = YES_AGGRESSIVE;
				GCC_WARN_UNUSED_FUNCTION = YES;
				GCC_WARN_UNUSED_VARIABLE = YES;
				IPHONEOS_DEPLOYMENT_TARGET = 16.1;
				MTL_ENABLE_DEBUG_INFO = INCLUDE_SOURCE;
				MTL_FAST_MATH = YES;
				ONLY_ACTIVE_ARCH = YES;
				SDKROOT = iphoneos;
				SWIFT_ACTIVE_COMPILATION_CONDITIONS = DEBUG;
				SWIFT_OPTIMIZATION_LEVEL = "-Onone";
			};
			name = Debug;
		};
		9689AEEA29404F72006B858B /* Release */ = {
			isa = XCBuildConfiguration;
			buildSettings = {
				ALWAYS_SEARCH_USER_PATHS = NO;
				CLANG_ANALYZER_NONNULL = YES;
				CLANG_ANALYZER_NUMBER_OBJECT_CONVERSION = YES_AGGRESSIVE;
				CLANG_CXX_LANGUAGE_STANDARD = "gnu++20";
				CLANG_ENABLE_MODULES = YES;
				CLANG_ENABLE_OBJC_ARC = YES;
				CLANG_ENABLE_OBJC_WEAK = YES;
				CLANG_WARN_BLOCK_CAPTURE_AUTORELEASING = YES;
				CLANG_WARN_BOOL_CONVERSION = YES;
				CLANG_WARN_COMMA = YES;
				CLANG_WARN_CONSTANT_CONVERSION = YES;
				CLANG_WARN_DEPRECATED_OBJC_IMPLEMENTATIONS = YES;
				CLANG_WARN_DIRECT_OBJC_ISA_USAGE = YES_ERROR;
				CLANG_WARN_DOCUMENTATION_COMMENTS = YES;
				CLANG_WARN_EMPTY_BODY = YES;
				CLANG_WARN_ENUM_CONVERSION = YES;
				CLANG_WARN_INFINITE_RECURSION = YES;
				CLANG_WARN_INT_CONVERSION = YES;
				CLANG_WARN_NON_LITERAL_NULL_CONVERSION = YES;
				CLANG_WARN_OBJC_IMPLICIT_RETAIN_SELF = YES;
				CLANG_WARN_OBJC_LITERAL_CONVERSION = YES;
				CLANG_WARN_OBJC_ROOT_CLASS = YES_ERROR;
				CLANG_WARN_QUOTED_INCLUDE_IN_FRAMEWORK_HEADER = YES;
				CLANG_WARN_RANGE_LOOP_ANALYSIS = YES;
				CLANG_WARN_STRICT_PROTOTYPES = YES;
				CLANG_WARN_SUSPICIOUS_MOVE = YES;
				CLANG_WARN_UNGUARDED_AVAILABILITY = YES_AGGRESSIVE;
				CLANG_WARN_UNREACHABLE_CODE = YES;
				CLANG_WARN__DUPLICATE_METHOD_MATCH = YES;
				COPY_PHASE_STRIP = NO;
				DEBUG_INFORMATION_FORMAT = "dwarf-with-dsym";
				ENABLE_NS_ASSERTIONS = NO;
				ENABLE_STRICT_OBJC_MSGSEND = YES;
				GCC_C_LANGUAGE_STANDARD = gnu11;
				GCC_NO_COMMON_BLOCKS = YES;
				GCC_WARN_64_TO_32_BIT_CONVERSION = YES;
				GCC_WARN_ABOUT_RETURN_TYPE = YES_ERROR;
				GCC_WARN_UNDECLARED_SELECTOR = YES;
				GCC_WARN_UNINITIALIZED_AUTOS = YES_AGGRESSIVE;
				GCC_WARN_UNUSED_FUNCTION = YES;
				GCC_WARN_UNUSED_VARIABLE = YES;
				IPHONEOS_DEPLOYMENT_TARGET = 16.1;
				MTL_ENABLE_DEBUG_INFO = NO;
				MTL_FAST_MATH = YES;
				SDKROOT = iphoneos;
				SWIFT_COMPILATION_MODE = wholemodule;
				SWIFT_OPTIMIZATION_LEVEL = "-O";
				VALIDATE_PRODUCT = YES;
			};
			name = Release;
		};
		9689AEEC29404F72006B858B /* Debug */ = {
			isa = XCBuildConfiguration;
			buildSettings = {
				ASSETCATALOG_COMPILER_APPICON_NAME = AppIcon;
				ASSETCATALOG_COMPILER_GLOBAL_ACCENT_COLOR_NAME = AccentColor;
				CODE_SIGN_STYLE = Automatic;
				CURRENT_PROJECT_VERSION = 1;
				DEVELOPMENT_ASSET_PATHS = "\"8.1 SwiftUi/Preview Content\"";
				ENABLE_PREVIEWS = YES;
				GENERATE_INFOPLIST_FILE = YES;
				INFOPLIST_KEY_UIApplicationSceneManifest_Generation = YES;
				INFOPLIST_KEY_UIApplicationSupportsIndirectInputEvents = YES;
				INFOPLIST_KEY_UILaunchScreen_Generation = YES;
				INFOPLIST_KEY_UISupportedInterfaceOrientations_iPad = "UIInterfaceOrientationPortrait UIInterfaceOrientationPortraitUpsideDown UIInterfaceOrientationLandscapeLeft UIInterfaceOrientationLandscapeRight";
				INFOPLIST_KEY_UISupportedInterfaceOrientations_iPhone = "UIInterfaceOrientationPortrait UIInterfaceOrientationLandscapeLeft UIInterfaceOrientationLandscapeRight";
				LD_RUNPATH_SEARCH_PATHS = (
					"$(inherited)",
					"@executable_path/Frameworks",
				);
				MARKETING_VERSION = 1.0;
				PRODUCT_BUNDLE_IDENTIFIER = "Mysolt.--1-SwiftUi";
				PRODUCT_NAME = "$(TARGET_NAME)";
				SWIFT_EMIT_LOC_STRINGS = YES;
				SWIFT_VERSION = 5.0;
				TARGETED_DEVICE_FAMILY = "1,2";
			};
			name = Debug;
		};
		9689AEED29404F72006B858B /* Release */ = {
			isa = XCBuildConfiguration;
			buildSettings = {
				ASSETCATALOG_COMPILER_APPICON_NAME = AppIcon;
				ASSETCATALOG_COMPILER_GLOBAL_ACCENT_COLOR_NAME = AccentColor;
				CODE_SIGN_STYLE = Automatic;
				CURRENT_PROJECT_VERSION = 1;
				DEVELOPMENT_ASSET_PATHS = "\"8.1 SwiftUi/Preview Content\"";
				ENABLE_PREVIEWS = YES;
				GENERATE_INFOPLIST_FILE = YES;
				INFOPLIST_KEY_UIApplicationSceneManifest_Generation = YES;
				INFOPLIST_KEY_UIApplicationSupportsIndirectInputEvents = YES;
				INFOPLIST_KEY_UILaunchScreen_Generation = YES;
				INFOPLIST_KEY_UISupportedInterfaceOrientations_iPad = "UIInterfaceOrientationPortrait UIInterfaceOrientationPortraitUpsideDown UIInterfaceOrientationLandscapeLeft UIInterfaceOrientationLandscapeRight";
				INFOPLIST_KEY_UISupportedInterfaceOrientations_iPhone = "UIInterfaceOrientationPortrait UIInterfaceOrientationLandscapeLeft UIInterfaceOrientationLandscapeRight";
				LD_RUNPATH_SEARCH_PATHS = (
					"$(inherited)",
					"@executable_path/Frameworks",
				);
				MARKETING_VERSION = 1.0;
				PRODUCT_BUNDLE_IDENTIFIER = "Mysolt.--1-SwiftUi";
				PRODUCT_NAME = "$(TARGET_NAME)";
				SWIFT_EMIT_LOC_STRINGS = YES;
				SWIFT_VERSION = 5.0;
				TARGETED_DEVICE_FAMILY = "1,2";
			};
			name = Release;
		};
		9689AEEF29404F72006B858B /* Debug */ = {
			isa = XCBuildConfiguration;
			buildSettings = {
				ALWAYS_EMBED_SWIFT_STANDARD_LIBRARIES = YES;
				BUNDLE_LOADER = "$(TEST_HOST)";
				CODE_SIGN_STYLE = Automatic;
				CURRENT_PROJECT_VERSION = 1;
				GENERATE_INFOPLIST_FILE = YES;
				IPHONEOS_DEPLOYMENT_TARGET = 16.1;
				MARKETING_VERSION = 1.0;
				PRODUCT_BUNDLE_IDENTIFIER = "Mysolt.--1-SwiftUiTests";
				PRODUCT_NAME = "$(TARGET_NAME)";
				SWIFT_EMIT_LOC_STRINGS = NO;
				SWIFT_VERSION = 5.0;
				TARGETED_DEVICE_FAMILY = "1,2";
				TEST_HOST = "$(BUILT_PRODUCTS_DIR)/8.1 SwiftUi.app/$(BUNDLE_EXECUTABLE_FOLDER_PATH)/8.1 SwiftUi";
			};
			name = Debug;
		};
		9689AEF029404F72006B858B /* Release */ = {
			isa = XCBuildConfiguration;
			buildSettings = {
				ALWAYS_EMBED_SWIFT_STANDARD_LIBRARIES = YES;
				BUNDLE_LOADER = "$(TEST_HOST)";
				CODE_SIGN_STYLE = Automatic;
				CURRENT_PROJECT_VERSION = 1;
				GENERATE_INFOPLIST_FILE = YES;
				IPHONEOS_DEPLOYMENT_TARGET = 16.1;
				MARKETING_VERSION = 1.0;
				PRODUCT_BUNDLE_IDENTIFIER = "Mysolt.--1-SwiftUiTests";
				PRODUCT_NAME = "$(TARGET_NAME)";
				SWIFT_EMIT_LOC_STRINGS = NO;
				SWIFT_VERSION = 5.0;
				TARGETED_DEVICE_FAMILY = "1,2";
				TEST_HOST = "$(BUILT_PRODUCTS_DIR)/8.1 SwiftUi.app/$(BUNDLE_EXECUTABLE_FOLDER_PATH)/8.1 SwiftUi";
			};
			name = Release;
		};
		9689AEF229404F72006B858B /* Debug */ = {
			isa = XCBuildConfiguration;
			buildSettings = {
				ALWAYS_EMBED_SWIFT_STANDARD_LIBRARIES = YES;
				CODE_SIGN_STYLE = Automatic;
				CURRENT_PROJECT_VERSION = 1;
				GENERATE_INFOPLIST_FILE = YES;
				MARKETING_VERSION = 1.0;
				PRODUCT_BUNDLE_IDENTIFIER = "Mysolt.--1-SwiftUiUITests";
				PRODUCT_NAME = "$(TARGET_NAME)";
				SWIFT_EMIT_LOC_STRINGS = NO;
				SWIFT_VERSION = 5.0;
				TARGETED_DEVICE_FAMILY = "1,2";
				TEST_TARGET_NAME = "8.1 SwiftUi";
			};
			name = Debug;
		};
		9689AEF329404F72006B858B /* Release */ = {
			isa = XCBuildConfiguration;
			buildSettings = {
				ALWAYS_EMBED_SWIFT_STANDARD_LIBRARIES = YES;
				CODE_SIGN_STYLE = Automatic;
				CURRENT_PROJECT_VERSION = 1;
				GENERATE_INFOPLIST_FILE = YES;
				MARKETING_VERSION = 1.0;
				PRODUCT_BUNDLE_IDENTIFIER = "Mysolt.--1-SwiftUiUITests";
				PRODUCT_NAME = "$(TARGET_NAME)";
				SWIFT_EMIT_LOC_STRINGS = NO;
				SWIFT_VERSION = 5.0;
				TARGETED_DEVICE_FAMILY = "1,2";
				TEST_TARGET_NAME = "8.1 SwiftUi";
			};
			name = Release;
		};
/* End XCBuildConfiguration section */

/* Begin XCConfigurationList section */
		9689AEC229404F6E006B858B /* Build configuration list for PBXProject "8.1 SwiftUi" */ = {
			isa = XCConfigurationList;
			buildConfigurations = (
				9689AEE929404F72006B858B /* Debug */,
				9689AEEA29404F72006B858B /* Release */,
			);
			defaultConfigurationIsVisible = 0;
			defaultConfigurationName = Release;
		};
		9689AEEB29404F72006B858B /* Build configuration list for PBXNativeTarget "8.1 SwiftUi" */ = {
			isa = XCConfigurationList;
			buildConfigurations = (
				9689AEEC29404F72006B858B /* Debug */,
				9689AEED29404F72006B858B /* Release */,
			);
			defaultConfigurationIsVisible = 0;
			defaultConfigurationName = Release;
		};
		9689AEEE29404F72006B858B /* Build configuration list for PBXNativeTarget "8.1 SwiftUiTests" */ = {
			isa = XCConfigurationList;
			buildConfigurations = (
				9689AEEF29404F72006B858B /* Debug */,
				9689AEF029404F72006B858B /* Release */,
			);
			defaultConfigurationIsVisible = 0;
			defaultConfigurationName = Release;
		};
		9689AEF129404F72006B858B /* Build configuration list for PBXNativeTarget "8.1 SwiftUiUITests" */ = {
			isa = XCConfigurationList;
			buildConfigurations = (
				9689AEF229404F72006B858B /* Debug */,
				9689AEF329404F72006B858B /* Release */,
			);
			defaultConfigurationIsVisible = 0;
			defaultConfigurationName = Release;
		};
/* End XCConfigurationList section */

/* Begin XCRemoteSwiftPackageReference section */
		96D009FD29408B3F005DD2C7 /* XCRemoteSwiftPackageReference "SDWebImageSwiftUI" */ = {
			isa = XCRemoteSwiftPackageReference;
			repositoryURL = "https://github.com/SDWebImage/SDWebImageSwiftUI";
			requirement = {
				branch = master;
				kind = branch;
			};
		};
/* End XCRemoteSwiftPackageReference section */

/* Begin XCSwiftPackageProductDependency section */
		96D009FE29408B3F005DD2C7 /* SDWebImageSwiftUI */ = {
			isa = XCSwiftPackageProductDependency;
			package = 96D009FD29408B3F005DD2C7 /* XCRemoteSwiftPackageReference "SDWebImageSwiftUI" */;
			productName = SDWebImageSwiftUI;
		};
/* End XCSwiftPackageProductDependency section */
	};
	rootObject = 9689AEBF29404F6E006B858B /* Project object */;
}
